
Microsoft Visual Studio Solution File, Format Version 12.00
# Visual Studio 2012
Project("{2150E333-8FDC-42A3-9474-1A3956D46DE8}") = ".nuget", ".nuget", "{D139A205-AFAF-4806-8751-7C11AA766596}"
	ProjectSection(SolutionItems) = preProject
		.nuget\NuGet.Config = .nuget\NuGet.Config
		.nuget\NuGet.exe = .nuget\NuGet.exe
		.nuget\NuGet.targets = .nuget\NuGet.targets
	EndProjectSection
EndProject
Project("{FAE04EC0-301F-11D3-BF4B-00C04F79EFBC}") = "IWSLog4NetAppenders", "IWSLog4NetAppenders\IWSLog4NetAppenders.csproj", "{27BF78E2-DD68-45B6-B7FE-137AE341DBCF}"
EndProject
Project("{FAE04EC0-301F-11D3-BF4B-00C04F79EFBC}") = "IWSLoggingTest", "IWSLoggingTest\IWSLoggingTest.csproj", "{69BA9F65-0F82-4A5B-9FDB-FB98A7BD3A8F}"
EndProject
Global
	GlobalSection(SolutionConfigurationPlatforms) = preSolution
		Debug|Any CPU = Debug|Any CPU
		Release|Any CPU = Release|Any CPU
	EndGlobalSection
	GlobalSection(ProjectConfigurationPlatforms) = postSolution
		{27BF78E2-DD68-45B6-B7FE-137AE341DBCF}.Debug|Any CPU.ActiveCfg = Debug|Any CPU
		{27BF78E2-DD68-45B6-B7FE-137AE341DBCF}.Debug|Any CPU.Build.0 = Debug|Any CPU
		{27BF78E2-DD68-45B6-B7FE-137AE341DBCF}.Release|Any CPU.ActiveCfg = Release|Any CPU
		{27BF78E2-DD68-45B6-B7FE-137AE341DBCF}.Release|Any CPU.Build.0 = Release|Any CPU
		{69BA9F65-0F82-4A5B-9FDB-FB98A7BD3A8F}.Debug|Any CPU.ActiveCfg = Debug|Any CPU
		{69BA9F65-0F82-4A5B-9FDB-FB98A7BD3A8F}.Debug|Any CPU.Build.0 = Debug|Any CPU
		{69BA9F65-0F82-4A5B-9FDB-FB98A7BD3A8F}.Release|Any CPU.ActiveCfg = Release|Any CPU
		{69BA9F65-0F82-4A5B-9FDB-FB98A7BD3A8F}.Release|Any CPU.Build.0 = Release|Any CPU
	EndGlobalSection
	GlobalSection(SolutionProperties) = preSolution
		HideSolutionNode = FALSE
	EndGlobalSection
EndGlobal
